
Microsoft Visual Studio Solution File, Format Version 12.00
# Visual Studio Version 17
VisualStudioVersion = 17.5.33414.496
MinimumVisualStudioVersion = 10.0.40219.1
Project("{FAE04EC0-301F-11D3-BF4B-00C04F79EFBC}") = "SquireLauncher.Gui", "SquireLauncher.Gui\SquireLauncher.Gui.csproj", "{90760951-57DD-495F-9CC0-8129E1536342}"
EndProject
Global
	GlobalSection(SolutionConfigurationPlatforms) = preSolution
		Debug|Any CPU = Debug|Any CPU
		Release|Any CPU = Release|Any CPU
	EndGlobalSection
	GlobalSection(ProjectConfigurationPlatforms) = postSolution
		{90760951-57DD-495F-9CC0-8129E1536342}.Debug|Any CPU.ActiveCfg = Debug|Any CPU
		{90760951-57DD-495F-9CC0-8129E1536342}.Debug|Any CPU.Build.0 = Debug|Any CPU
		{90760951-57DD-495F-9CC0-8129E1536342}.Release|Any CPU.ActiveCfg = Release|Any CPU
		{90760951-57DD-495F-9CC0-8129E1536342}.Release|Any CPU.Build.0 = Release|Any CPU
	EndGlobalSection
	GlobalSection(SolutionProperties) = preSolution
		HideSolutionNode = FALSE
	EndGlobalSection
	GlobalSection(ExtensibilityGlobals) = postSolution
		SolutionGuid = {A6F1AE06-8FBF-413A-BD3B-587BE32DCD16}
	EndGlobalSection
EndGlobal
